
Microsoft Visual Studio Solution File, Format Version 12.00
# Visual Studio Version 17
VisualStudioVersion = 17.6.33829.357
MinimumVisualStudioVersion = 10.0.40219.1
Project("{9A19103F-16F7-4668-BE54-9A1E7A4F7556}") = "ButterSTT", "ButterSTT\ButterSTT.csproj", "{C8328FE0-794A-4FCE-B8ED-82449F22C8BD}"
EndProject
Global
	GlobalSection(SolutionConfigurationPlatforms) = preSolution
		Debug|Any CPU = Debug|Any CPU
		Release|Any CPU = Release|Any CPU
	EndGlobalSection
	GlobalSection(ProjectConfigurationPlatforms) = postSolution
		{C8328FE0-794A-4FCE-B8ED-82449F22C8BD}.Debug|Any CPU.ActiveCfg = Debug|Any CPU
		{C8328FE0-794A-4FCE-B8ED-82449F22C8BD}.Debug|Any CPU.Build.0 = Debug|Any CPU
		{C8328FE0-794A-4FCE-B8ED-82449F22C8BD}.Release|Any CPU.ActiveCfg = Release|Any CPU
		{C8328FE0-794A-4FCE-B8ED-82449F22C8BD}.Release|Any CPU.Build.0 = Release|Any CPU
	EndGlobalSection
	GlobalSection(SolutionProperties) = preSolution
		HideSolutionNode = FALSE
	EndGlobalSection
	GlobalSection(ExtensibilityGlobals) = postSolution
		SolutionGuid = {D1CD598F-1F04-4F39-ACEB-140915BBF06C}
	EndGlobalSection
EndGlobal
